# This file was autogenerated by uv via the following command:
#    uv pip compile pyproject.toml -o colab-requirements.lock
aiohappyeyeballs==2.6.1
    # via aiohttp
aiohttp==3.13.2
    # via fsspec
aiosignal==1.4.0
    # via aiohttp
anndata==0.12.6
    # via
    #   geometric-data-analysis-project (pyproject.toml)
    #   scanpy
anyio==4.11.0
    # via httpx
array-api-compat==1.12.0
    # via anndata
attrs==25.4.0
    # via aiohttp
certifi==2025.11.12
    # via
    #   httpcore
    #   httpx
    #   requests
charset-normalizer==3.4.4
    # via requests
click==8.3.1
    # via typer-slim
contourpy==1.3.3
    # via matplotlib
cycler==0.12.1
    # via matplotlib
datasets==4.4.1
    # via geometric-data-analysis-project (pyproject.toml)
dill==0.4.0
    # via
    #   datasets
    #   multiprocess
donfig==0.8.1.post1
    # via zarr
filelock==3.20.0
    # via
    #   datasets
    #   huggingface-hub
fonttools==4.60.1
    # via matplotlib
frozenlist==1.8.0
    # via
    #   aiohttp
    #   aiosignal
fsspec==2025.10.0
    # via
    #   datasets
    #   huggingface-hub
google-crc32c==1.7.1
    # via zarr
h11==0.16.0
    # via httpcore
h5py==3.15.1
    # via
    #   anndata
    #   scanpy
hf-xet==1.2.0
    # via huggingface-hub
httpcore==1.0.9
    # via httpx
httpx==0.28.1
    # via
    #   datasets
    #   huggingface-hub
huggingface-hub==1.1.5
    # via datasets
idna==3.11
    # via
    #   anyio
    #   httpx
    #   requests
    #   yarl
joblib==1.5.2
    # via
    #   pynndescent
    #   scanpy
    #   scikit-learn
kiwisolver==1.4.9
    # via matplotlib
legacy-api-wrap==1.5
    # via
    #   anndata
    #   scanpy
llvmlite==0.45.1
    # via
    #   numba
    #   pynndescent
matplotlib==3.10.7
    # via
    #   geometric-data-analysis-project (pyproject.toml)
    #   scanpy
    #   seaborn
multidict==6.7.0
    # via
    #   aiohttp
    #   yarl
multiprocess==0.70.18
    # via datasets
natsort==8.4.0
    # via
    #   anndata
    #   scanpy
networkx==3.5
    # via scanpy
numba==0.62.1
    # via
    #   pynndescent
    #   scanpy
    #   umap-learn
numcodecs==0.16.5
    # via zarr
numpy==2.3.5
    # via
    #   geometric-data-analysis-project (pyproject.toml)
    #   anndata
    #   contourpy
    #   datasets
    #   h5py
    #   matplotlib
    #   numba
    #   numcodecs
    #   pandas
    #   patsy
    #   scanpy
    #   scikit-learn
    #   scipy
    #   seaborn
    #   statsmodels
    #   umap-learn
    #   zarr
packaging==25.0
    # via
    #   anndata
    #   datasets
    #   huggingface-hub
    #   matplotlib
    #   scanpy
    #   statsmodels
    #   zarr
pandas==2.3.3
    # via
    #   geometric-data-analysis-project (pyproject.toml)
    #   anndata
    #   datasets
    #   scanpy
    #   seaborn
    #   statsmodels
patsy==1.0.2
    # via
    #   scanpy
    #   statsmodels
pillow==12.0.0
    # via matplotlib
propcache==0.4.1
    # via
    #   aiohttp
    #   yarl
pyarrow==22.0.0
    # via datasets
pynndescent==0.5.13
    # via
    #   scanpy
    #   umap-learn
pyparsing==3.2.5
    # via matplotlib
python-dateutil==2.9.0.post0
    # via
    #   matplotlib
    #   pandas
pytz==2025.2
    # via pandas
pyyaml==6.0.3
    # via
    #   datasets
    #   donfig
    #   huggingface-hub
requests==2.32.5
    # via datasets
scanpy==1.11.5
    # via geometric-data-analysis-project (pyproject.toml)
scikit-learn==1.7.2
    # via
    #   geometric-data-analysis-project (pyproject.toml)
    #   pynndescent
    #   scanpy
    #   umap-learn
scipy==1.16.3
    # via
    #   anndata
    #   pynndescent
    #   scanpy
    #   scikit-learn
    #   statsmodels
    #   umap-learn
seaborn==0.13.2
    # via scanpy
session-info2==0.2.3
    # via scanpy
shellingham==1.5.4
    # via huggingface-hub
six==1.17.0
    # via python-dateutil
sniffio==1.3.1
    # via anyio
statsmodels==0.14.5
    # via scanpy
threadpoolctl==3.6.0
    # via scikit-learn
tqdm==4.67.1
    # via
    #   datasets
    #   huggingface-hub
    #   scanpy
    #   umap-learn
typer-slim==0.20.0
    # via huggingface-hub
typing-extensions==4.15.0
    # via
    #   aiosignal
    #   anyio
    #   huggingface-hub
    #   numcodecs
    #   scanpy
    #   typer-slim
    #   zarr
tzdata==2025.2
    # via pandas
umap-learn==0.5.9.post2
    # via scanpy
urllib3==2.5.0
    # via requests
xxhash==3.6.0
    # via datasets
yarl==1.22.0
    # via aiohttp
zarr==3.1.5
    # via anndata
